
Microsoft Visual Studio Solution File, Format Version 11.00
# Visual Studio 2010
Project("{FAE04EC0-301F-11D3-BF4B-00C04F79EFBC}") = "English_Turkish_Dic_App", "English_Turkish_Dic_App\English_Turkish_Dic_App.csproj", "{B26AFAF4-52BF-4F90-9B73-6996E51B55D9}"
EndProject
Project("{54435603-DBB4-11D2-8724-00A0C9A8B90C}") = "TrEng Word Repository", "TrEng Word Repository\TrEng Word Repository.vdproj", "{CE05E797-293F-40D7-B44C-4463EB41BF6D}"
EndProject
Global
	GlobalSection(SolutionConfigurationPlatforms) = preSolution
		Debug|x86 = Debug|x86
		Release|x86 = Release|x86
	EndGlobalSection
	GlobalSection(ProjectConfigurationPlatforms) = postSolution
		{B26AFAF4-52BF-4F90-9B73-6996E51B55D9}.Debug|x86.ActiveCfg = Debug|x86
		{B26AFAF4-52BF-4F90-9B73-6996E51B55D9}.Debug|x86.Build.0 = Debug|x86
		{B26AFAF4-52BF-4F90-9B73-6996E51B55D9}.Release|x86.ActiveCfg = Release|x86
		{B26AFAF4-52BF-4F90-9B73-6996E51B55D9}.Release|x86.Build.0 = Release|x86
		{CE05E797-293F-40D7-B44C-4463EB41BF6D}.Debug|x86.ActiveCfg = Debug
		{CE05E797-293F-40D7-B44C-4463EB41BF6D}.Release|x86.ActiveCfg = Release
	EndGlobalSection
	GlobalSection(SolutionProperties) = preSolution
		HideSolutionNode = FALSE
	EndGlobalSection
EndGlobal
